prefixes:
  modbus: pkg-modbus
  rs485: toit-rs485
packages:
  pkg-modbus:
    url: github.com/toitlang/pkg-modbus
    version: 2.0.1
    hash: c09286901e2ddccddd6047b02f80fb354854b53e
    prefixes:
      rs485: toit-rs485
  toit-rs485:
    url: github.com/toitware/toit-rs485
    version: 1.0.1
    hash: 854d96a9d27b6ce7325a9698001087b292f4b4b5
